
Microsoft Visual Studio Solution File, Format Version 12.00
# Visual Studio Version 16
VisualStudioVersion = 16.0.29306.81
MinimumVisualStudioVersion = 10.0.40219.1
Project("{FAE04EC0-301F-11D3-BF4B-00C04F79EFBC}") = "Duolingo.Android", "Duolingo.Android\Duolingo.Android.csproj", "{BB4F4B9B-6D85-4480-A1CE-ADE781B0B6EE}"
EndProject
Project("{FAE04EC0-301F-11D3-BF4B-00C04F79EFBC}") = "Duolingo.iOS", "Duolingo.iOS\Duolingo.iOS.csproj", "{E05405A9-EFB3-4251-8D0F-3B38C661136C}"
EndProject
Project("{FAE04EC0-301F-11D3-BF4B-00C04F79EFBC}") = "Duolingo", "Duolingo\Duolingo.csproj", "{15DD1549-FAE3-443D-9977-677518534AE9}"
EndProject
Global
	GlobalSection(SolutionConfigurationPlatforms) = preSolution
		Debug|Any CPU = Debug|Any CPU
		Debug|iPhone = Debug|iPhone
		Debug|iPhoneSimulator = Debug|iPhoneSimulator
		Release|Any CPU = Release|Any CPU
		Release|iPhone = Release|iPhone
		Release|iPhoneSimulator = Release|iPhoneSimulator
	EndGlobalSection
	GlobalSection(ProjectConfigurationPlatforms) = postSolution
		{BB4F4B9B-6D85-4480-A1CE-ADE781B0B6EE}.Debug|Any CPU.ActiveCfg = Debug|Any CPU
		{BB4F4B9B-6D85-4480-A1CE-ADE781B0B6EE}.Debug|Any CPU.Build.0 = Debug|Any CPU
		{BB4F4B9B-6D85-4480-A1CE-ADE781B0B6EE}.Debug|Any CPU.Deploy.0 = Debug|Any CPU
		{BB4F4B9B-6D85-4480-A1CE-ADE781B0B6EE}.Debug|iPhone.ActiveCfg = Debug|Any CPU
		{BB4F4B9B-6D85-4480-A1CE-ADE781B0B6EE}.Debug|iPhone.Build.0 = Debug|Any CPU
		{BB4F4B9B-6D85-4480-A1CE-ADE781B0B6EE}.Debug|iPhone.Deploy.0 = Debug|Any CPU
		{BB4F4B9B-6D85-4480-A1CE-ADE781B0B6EE}.Debug|iPhoneSimulator.ActiveCfg = Debug|Any CPU
		{BB4F4B9B-6D85-4480-A1CE-ADE781B0B6EE}.Debug|iPhoneSimulator.Build.0 = Debug|Any CPU
		{BB4F4B9B-6D85-4480-A1CE-ADE781B0B6EE}.Debug|iPhoneSimulator.Deploy.0 = Debug|Any CPU
		{BB4F4B9B-6D85-4480-A1CE-ADE781B0B6EE}.Release|Any CPU.ActiveCfg = Release|Any CPU
		{BB4F4B9B-6D85-4480-A1CE-ADE781B0B6EE}.Release|Any CPU.Build.0 = Release|Any CPU
		{BB4F4B9B-6D85-4480-A1CE-ADE781B0B6EE}.Release|Any CPU.Deploy.0 = Release|Any CPU
		{BB4F4B9B-6D85-4480-A1CE-ADE781B0B6EE}.Release|iPhone.ActiveCfg = Release|Any CPU
		{BB4F4B9B-6D85-4480-A1CE-ADE781B0B6EE}.Release|iPhone.Build.0 = Release|Any CPU
		{BB4F4B9B-6D85-4480-A1CE-ADE781B0B6EE}.Release|iPhone.Deploy.0 = Release|Any CPU
		{BB4F4B9B-6D85-4480-A1CE-ADE781B0B6EE}.Release|iPhoneSimulator.ActiveCfg = Release|Any CPU
		{BB4F4B9B-6D85-4480-A1CE-ADE781B0B6EE}.Release|iPhoneSimulator.Build.0 = Release|Any CPU
		{BB4F4B9B-6D85-4480-A1CE-ADE781B0B6EE}.Release|iPhoneSimulator.Deploy.0 = Release|Any CPU
		{E05405A9-EFB3-4251-8D0F-3B38C661136C}.Debug|Any CPU.ActiveCfg = Debug|iPhoneSimulator
		{E05405A9-EFB3-4251-8D0F-3B38C661136C}.Debug|Any CPU.Build.0 = Debug|iPhoneSimulator
		{E05405A9-EFB3-4251-8D0F-3B38C661136C}.Debug|Any CPU.Deploy.0 = Debug|iPhoneSimulator
		{E05405A9-EFB3-4251-8D0F-3B38C661136C}.Debug|iPhone.ActiveCfg = Debug|iPhone
		{E05405A9-EFB3-4251-8D0F-3B38C661136C}.Debug|iPhone.Build.0 = Debug|iPhone
		{E05405A9-EFB3-4251-8D0F-3B38C661136C}.Debug|iPhone.Deploy.0 = Debug|iPhone
		{E05405A9-EFB3-4251-8D0F-3B38C661136C}.Debug|iPhoneSimulator.ActiveCfg = Debug|iPhoneSimulator
		{E05405A9-EFB3-4251-8D0F-3B38C661136C}.Debug|iPhoneSimulator.Build.0 = Debug|iPhoneSimulator
		{E05405A9-EFB3-4251-8D0F-3B38C661136C}.Debug|iPhoneSimulator.Deploy.0 = Debug|iPhoneSimulator
		{E05405A9-EFB3-4251-8D0F-3B38C661136C}.Release|Any CPU.ActiveCfg = Release|iPhone
		{E05405A9-EFB3-4251-8D0F-3B38C661136C}.Release|Any CPU.Build.0 = Release|iPhone
		{E05405A9-EFB3-4251-8D0F-3B38C661136C}.Release|Any CPU.Deploy.0 = Release|iPhone
		{E05405A9-EFB3-4251-8D0F-3B38C661136C}.Release|iPhone.ActiveCfg = Release|iPhone
		{E05405A9-EFB3-4251-8D0F-3B38C661136C}.Release|iPhone.Build.0 = Release|iPhone
		{E05405A9-EFB3-4251-8D0F-3B38C661136C}.Release|iPhone.Deploy.0 = Release|iPhone
		{E05405A9-EFB3-4251-8D0F-3B38C661136C}.Release|iPhoneSimulator.ActiveCfg = Release|iPhoneSimulator
		{E05405A9-EFB3-4251-8D0F-3B38C661136C}.Release|iPhoneSimulator.Build.0 = Release|iPhoneSimulator
		{E05405A9-EFB3-4251-8D0F-3B38C661136C}.Release|iPhoneSimulator.Deploy.0 = Release|iPhoneSimulator
		{15DD1549-FAE3-443D-9977-677518534AE9}.Debug|Any CPU.ActiveCfg = Debug|Any CPU
		{15DD1549-FAE3-443D-9977-677518534AE9}.Debug|Any CPU.Build.0 = Debug|Any CPU
		{15DD1549-FAE3-443D-9977-677518534AE9}.Debug|Any CPU.Deploy.0 = Debug|Any CPU
		{15DD1549-FAE3-443D-9977-677518534AE9}.Debug|iPhone.ActiveCfg = Debug|Any CPU
		{15DD1549-FAE3-443D-9977-677518534AE9}.Debug|iPhone.Build.0 = Debug|Any CPU
		{15DD1549-FAE3-443D-9977-677518534AE9}.Debug|iPhone.Deploy.0 = Debug|Any CPU
		{15DD1549-FAE3-443D-9977-677518534AE9}.Debug|iPhoneSimulator.ActiveCfg = Debug|Any CPU
		{15DD1549-FAE3-443D-9977-677518534AE9}.Debug|iPhoneSimulator.Build.0 = Debug|Any CPU
		{15DD1549-FAE3-443D-9977-677518534AE9}.Debug|iPhoneSimulator.Deploy.0 = Debug|Any CPU
		{15DD1549-FAE3-443D-9977-677518534AE9}.Release|Any CPU.ActiveCfg = Release|Any CPU
		{15DD1549-FAE3-443D-9977-677518534AE9}.Release|Any CPU.Build.0 = Release|Any CPU
		{15DD1549-FAE3-443D-9977-677518534AE9}.Release|Any CPU.Deploy.0 = Release|Any CPU
		{15DD1549-FAE3-443D-9977-677518534AE9}.Release|iPhone.ActiveCfg = Release|Any CPU
		{15DD1549-FAE3-443D-9977-677518534AE9}.Release|iPhone.Build.0 = Release|Any CPU
		{15DD1549-FAE3-443D-9977-677518534AE9}.Release|iPhone.Deploy.0 = Release|Any CPU
		{15DD1549-FAE3-443D-9977-677518534AE9}.Release|iPhoneSimulator.ActiveCfg = Release|Any CPU
		{15DD1549-FAE3-443D-9977-677518534AE9}.Release|iPhoneSimulator.Build.0 = Release|Any CPU
		{15DD1549-FAE3-443D-9977-677518534AE9}.Release|iPhoneSimulator.Deploy.0 = Release|Any CPU
	EndGlobalSection
	GlobalSection(SolutionProperties) = preSolution
		HideSolutionNode = FALSE
	EndGlobalSection
	GlobalSection(ExtensibilityGlobals) = postSolution
		SolutionGuid = {B31CCCE1-32DC-43F2-B6E5-BA5624F39102}
	EndGlobalSection
EndGlobal
